
Microsoft Visual Studio Solution File, Format Version 12.00
# Visual Studio Version 17
VisualStudioVersion = 17.1.32407.343
MinimumVisualStudioVersion = 10.0.40219.1
Project("{9A19103F-16F7-4668-BE54-9A1E7A4F7556}") = "ChessEngine.Core", "ChessEngine.Core\ChessEngine.Core.csproj", "{0176D8A1-3335-4D9B-8661-ED0CA07A9F11}"
EndProject
Project("{9A19103F-16F7-4668-BE54-9A1E7A4F7556}") = "ChessEngine.Tests", "ChessEngine.Tests\ChessEngine.Tests.csproj", "{92B1BC6F-2161-4E31-8381-CEF6A003B0F3}"
EndProject
Project("{9A19103F-16F7-4668-BE54-9A1E7A4F7556}") = "ChessEngine.UI.WPF", "ChessEngine.UI.WPF\ChessEngine.UI.WPF.csproj", "{2D9A7248-6DA3-44F6-9251-D07480C496EA}"
EndProject
Project("{9A19103F-16F7-4668-BE54-9A1E7A4F7556}") = "ChessEngine.MVVM", "ChessEngine.MVVM\ChessEngine.MVVM.csproj", "{E4EE7F0C-444F-4DA0-A30B-E37565AAEAB3}"
EndProject
Project("{9A19103F-16F7-4668-BE54-9A1E7A4F7556}") = "ChessEngine.AI", "ChessEngine.AI\ChessEngine.AI.csproj", "{0C985113-BD36-4CFD-99B8-CB3E498B8203}"
EndProject
Project("{54435603-DBB4-11D2-8724-00A0C9A8B90C}") = "ChessEngine.UI.WPF.Setup", "ChessEngine.UI.WPF.Setup\ChessEngine.UI.WPF.Setup.vdproj", "{66303D18-5609-40F7-9E60-EEFAC452932E}"
EndProject
Global
	GlobalSection(SolutionConfigurationPlatforms) = preSolution
		Debug|Any CPU = Debug|Any CPU
		Release|Any CPU = Release|Any CPU
	EndGlobalSection
	GlobalSection(ProjectConfigurationPlatforms) = postSolution
		{0176D8A1-3335-4D9B-8661-ED0CA07A9F11}.Debug|Any CPU.ActiveCfg = Debug|Any CPU
		{0176D8A1-3335-4D9B-8661-ED0CA07A9F11}.Debug|Any CPU.Build.0 = Debug|Any CPU
		{0176D8A1-3335-4D9B-8661-ED0CA07A9F11}.Release|Any CPU.ActiveCfg = Release|Any CPU
		{0176D8A1-3335-4D9B-8661-ED0CA07A9F11}.Release|Any CPU.Build.0 = Release|Any CPU
		{92B1BC6F-2161-4E31-8381-CEF6A003B0F3}.Debug|Any CPU.ActiveCfg = Debug|Any CPU
		{92B1BC6F-2161-4E31-8381-CEF6A003B0F3}.Debug|Any CPU.Build.0 = Debug|Any CPU
		{92B1BC6F-2161-4E31-8381-CEF6A003B0F3}.Release|Any CPU.ActiveCfg = Release|Any CPU
		{92B1BC6F-2161-4E31-8381-CEF6A003B0F3}.Release|Any CPU.Build.0 = Release|Any CPU
		{2D9A7248-6DA3-44F6-9251-D07480C496EA}.Debug|Any CPU.ActiveCfg = Debug|Any CPU
		{2D9A7248-6DA3-44F6-9251-D07480C496EA}.Debug|Any CPU.Build.0 = Debug|Any CPU
		{2D9A7248-6DA3-44F6-9251-D07480C496EA}.Release|Any CPU.ActiveCfg = Release|Any CPU
		{2D9A7248-6DA3-44F6-9251-D07480C496EA}.Release|Any CPU.Build.0 = Release|Any CPU
		{E4EE7F0C-444F-4DA0-A30B-E37565AAEAB3}.Debug|Any CPU.ActiveCfg = Debug|Any CPU
		{E4EE7F0C-444F-4DA0-A30B-E37565AAEAB3}.Debug|Any CPU.Build.0 = Debug|Any CPU
		{E4EE7F0C-444F-4DA0-A30B-E37565AAEAB3}.Release|Any CPU.ActiveCfg = Release|Any CPU
		{E4EE7F0C-444F-4DA0-A30B-E37565AAEAB3}.Release|Any CPU.Build.0 = Release|Any CPU
		{0C985113-BD36-4CFD-99B8-CB3E498B8203}.Debug|Any CPU.ActiveCfg = Debug|Any CPU
		{0C985113-BD36-4CFD-99B8-CB3E498B8203}.Debug|Any CPU.Build.0 = Debug|Any CPU
		{0C985113-BD36-4CFD-99B8-CB3E498B8203}.Release|Any CPU.ActiveCfg = Release|Any CPU
		{0C985113-BD36-4CFD-99B8-CB3E498B8203}.Release|Any CPU.Build.0 = Release|Any CPU
		{66303D18-5609-40F7-9E60-EEFAC452932E}.Debug|Any CPU.ActiveCfg = Debug
		{66303D18-5609-40F7-9E60-EEFAC452932E}.Release|Any CPU.ActiveCfg = Release
	EndGlobalSection
	GlobalSection(SolutionProperties) = preSolution
		HideSolutionNode = FALSE
	EndGlobalSection
	GlobalSection(ExtensibilityGlobals) = postSolution
		SolutionGuid = {E105D63A-0B81-4C4F-A7B6-73E6051BFC44}
	EndGlobalSection
EndGlobal
